
Microsoft Visual Studio Solution File, Format Version 12.00
# Visual Studio Version 16
VisualStudioVersion = 16.0.30914.41
MinimumVisualStudioVersion = 10.0.40219.1
Project("{9A19103F-16F7-4668-BE54-9A1E7A4F7556}") = "VirtuosityCoalesce", "VirtuosityCoalesce\VirtuosityCoalesce.csproj", "{62238A53-98C3-4AED-A613-2DFE35F4BD6D}"
	ProjectSection(ProjectDependencies) = postProject
		{C0997F20-AD4A-4A86-B476-C68CC144D6D9} = {C0997F20-AD4A-4A86-B476-C68CC144D6D9}
	EndProjectSection
EndProject
Project("{2150E333-8FDC-42A3-9474-1A3956D46DE8}") = "Solution Items", "Solution Items", "{C151263C-CC6D-4EE7-B068-85C6F858DED8}"
	ProjectSection(SolutionItems) = preProject
		.editorconfig = .editorconfig
		.gitignore = .gitignore
		Directory.Build.props = Directory.Build.props
		Directory.Build.targets = Directory.Build.targets
		stylecop.json = stylecop.json
		VirtuosityCoalesce.sln.DotSettings = VirtuosityCoalesce.sln.DotSettings
	EndProjectSection
EndProject
Project("{FAE04EC0-301F-11D3-BF4B-00C04F79EFBC}") = "VirtuosityCoalesce.Assembly", "VirtuosityCoalesce.Assembly\VirtuosityCoalesce.Assembly.csproj", "{C0997F20-AD4A-4A86-B476-C68CC144D6D9}"
EndProject
Global
	GlobalSection(SolutionConfigurationPlatforms) = preSolution
		Debug|Any CPU = Debug|Any CPU
		Release|Any CPU = Release|Any CPU
	EndGlobalSection
	GlobalSection(ProjectConfigurationPlatforms) = postSolution
		{62238A53-98C3-4AED-A613-2DFE35F4BD6D}.Debug|Any CPU.ActiveCfg = Debug|Any CPU
		{62238A53-98C3-4AED-A613-2DFE35F4BD6D}.Debug|Any CPU.Build.0 = Debug|Any CPU
		{62238A53-98C3-4AED-A613-2DFE35F4BD6D}.Release|Any CPU.ActiveCfg = Release|Any CPU
		{62238A53-98C3-4AED-A613-2DFE35F4BD6D}.Release|Any CPU.Build.0 = Release|Any CPU
		{C0997F20-AD4A-4A86-B476-C68CC144D6D9}.Debug|Any CPU.ActiveCfg = Debug|Any CPU
		{C0997F20-AD4A-4A86-B476-C68CC144D6D9}.Debug|Any CPU.Build.0 = Debug|Any CPU
		{C0997F20-AD4A-4A86-B476-C68CC144D6D9}.Release|Any CPU.ActiveCfg = Release|Any CPU
		{C0997F20-AD4A-4A86-B476-C68CC144D6D9}.Release|Any CPU.Build.0 = Release|Any CPU
	EndGlobalSection
	GlobalSection(SolutionProperties) = preSolution
		HideSolutionNode = FALSE
	EndGlobalSection
	GlobalSection(ExtensibilityGlobals) = postSolution
		SolutionGuid = {C7C46566-9142-47B0-B882-CB22D3710F90}
	EndGlobalSection
EndGlobal
